
Microsoft Visual Studio Solution File, Format Version 12.00
# Visual Studio Version 17
VisualStudioVersion = 17.8.34309.116
MinimumVisualStudioVersion = 10.0.40219.1
Project("{9A19103F-16F7-4668-BE54-9A1E7A4F7556}") = "AuthenticationLoginAndRegistration", "AuthenticationLoginAndRegistration\AuthenticationLoginAndRegistration.csproj", "{B4B7AA74-637A-4C74-AD7A-C9E209B4056E}"
EndProject
Project("{9A19103F-16F7-4668-BE54-9A1E7A4F7556}") = "TodoListProject", "TodoListProject\TodoListProject.csproj", "{B3249FF2-E318-4EB9-98F6-EB776083D79A}"
EndProject
Global
	GlobalSection(SolutionConfigurationPlatforms) = preSolution
		Debug|Any CPU = Debug|Any CPU
		Release|Any CPU = Release|Any CPU
	EndGlobalSection
	GlobalSection(ProjectConfigurationPlatforms) = postSolution
		{B4B7AA74-637A-4C74-AD7A-C9E209B4056E}.Debug|Any CPU.ActiveCfg = Debug|Any CPU
		{B4B7AA74-637A-4C74-AD7A-C9E209B4056E}.Debug|Any CPU.Build.0 = Debug|Any CPU
		{B4B7AA74-637A-4C74-AD7A-C9E209B4056E}.Release|Any CPU.ActiveCfg = Release|Any CPU
		{B4B7AA74-637A-4C74-AD7A-C9E209B4056E}.Release|Any CPU.Build.0 = Release|Any CPU
		{B3249FF2-E318-4EB9-98F6-EB776083D79A}.Debug|Any CPU.ActiveCfg = Debug|Any CPU
		{B3249FF2-E318-4EB9-98F6-EB776083D79A}.Debug|Any CPU.Build.0 = Debug|Any CPU
		{B3249FF2-E318-4EB9-98F6-EB776083D79A}.Release|Any CPU.ActiveCfg = Release|Any CPU
		{B3249FF2-E318-4EB9-98F6-EB776083D79A}.Release|Any CPU.Build.0 = Release|Any CPU
	EndGlobalSection
	GlobalSection(SolutionProperties) = preSolution
		HideSolutionNode = FALSE
	EndGlobalSection
	GlobalSection(ExtensibilityGlobals) = postSolution
		SolutionGuid = {E9556B0B-2FB4-451A-A0B7-9FC5AD3F742F}
	EndGlobalSection
EndGlobal
